
Microsoft Visual Studio Solution File, Format Version 12.00
# Visual Studio Version 17
VisualStudioVersion = 17.13.35806.99 d17.13
MinimumVisualStudioVersion = 10.0.40219.1
Project("{FAE04EC0-301F-11D3-BF4B-00C04F79EFBC}") = "Modelo.laconcordia", "Modelo.laconcordia\Modelo.laconcordia.csproj", "{0597AAB6-C072-4ED4-AF36-F320041BE245}"
EndProject
Global
	GlobalSection(SolutionConfigurationPlatforms) = preSolution
		Debug|Any CPU = Debug|Any CPU
		Release|Any CPU = Release|Any CPU
	EndGlobalSection
	GlobalSection(ProjectConfigurationPlatforms) = postSolution
		{0597AAB6-C072-4ED4-AF36-F320041BE245}.Debug|Any CPU.ActiveCfg = Debug|Any CPU
		{0597AAB6-C072-4ED4-AF36-F320041BE245}.Debug|Any CPU.Build.0 = Debug|Any CPU
		{0597AAB6-C072-4ED4-AF36-F320041BE245}.Release|Any CPU.ActiveCfg = Release|Any CPU
		{0597AAB6-C072-4ED4-AF36-F320041BE245}.Release|Any CPU.Build.0 = Release|Any CPU
	EndGlobalSection
	GlobalSection(SolutionProperties) = preSolution
		HideSolutionNode = FALSE
	EndGlobalSection
	GlobalSection(ExtensibilityGlobals) = postSolution
		SolutionGuid = {4F86555C-C9F1-49C9-A5D1-DC5488189FD5}
	EndGlobalSection
EndGlobal
